
Microsoft Visual Studio Solution File, Format Version 12.00
# Visual Studio Version 17
VisualStudioVersion = 17.5.002.0
MinimumVisualStudioVersion = 10.0.40219.1
Project("{9A19103F-16F7-4668-BE54-9A1E7A4F7556}") = "CollectionPractice", "CollectionPractice.csproj", "{A701F687-EA9B-44A6-9515-E13272945DFF}"
EndProject
Global
	GlobalSection(SolutionConfigurationPlatforms) = preSolution
		Debug|Any CPU = Debug|Any CPU
		Release|Any CPU = Release|Any CPU
	EndGlobalSection
	GlobalSection(ProjectConfigurationPlatforms) = postSolution
		{A701F687-EA9B-44A6-9515-E13272945DFF}.Debug|Any CPU.ActiveCfg = Debug|Any CPU
		{A701F687-EA9B-44A6-9515-E13272945DFF}.Debug|Any CPU.Build.0 = Debug|Any CPU
		{A701F687-EA9B-44A6-9515-E13272945DFF}.Release|Any CPU.ActiveCfg = Release|Any CPU
		{A701F687-EA9B-44A6-9515-E13272945DFF}.Release|Any CPU.Build.0 = Release|Any CPU
	EndGlobalSection
	GlobalSection(SolutionProperties) = preSolution
		HideSolutionNode = FALSE
	EndGlobalSection
	GlobalSection(ExtensibilityGlobals) = postSolution
		SolutionGuid = {4ADAE4DA-E13D-4032-BA3A-7571FFE255A7}
	EndGlobalSection
EndGlobal
